
Microsoft Visual Studio Solution File, Format Version 12.00
# Visual Studio Version 16
VisualStudioVersion = 16.0.29102.190
MinimumVisualStudioVersion = 10.0.40219.1
Project("{FAE04EC0-301F-11D3-BF4B-00C04F79EFBC}") = "ProjetoAV3_Redes_SDCD", "ProjetoAV3_Redes_SDCD\ProjetoAV3_Redes_SDCD.csproj", "{BCBBC91F-B904-40C9-8756-10104F933735}"
EndProject
Global
	GlobalSection(SolutionConfigurationPlatforms) = preSolution
		Debug|Any CPU = Debug|Any CPU
		Release|Any CPU = Release|Any CPU
	EndGlobalSection
	GlobalSection(ProjectConfigurationPlatforms) = postSolution
		{BCBBC91F-B904-40C9-8756-10104F933735}.Debug|Any CPU.ActiveCfg = Debug|Any CPU
		{BCBBC91F-B904-40C9-8756-10104F933735}.Debug|Any CPU.Build.0 = Debug|Any CPU
		{BCBBC91F-B904-40C9-8756-10104F933735}.Release|Any CPU.ActiveCfg = Release|Any CPU
		{BCBBC91F-B904-40C9-8756-10104F933735}.Release|Any CPU.Build.0 = Release|Any CPU
	EndGlobalSection
	GlobalSection(SolutionProperties) = preSolution
		HideSolutionNode = FALSE
	EndGlobalSection
	GlobalSection(ExtensibilityGlobals) = postSolution
		SolutionGuid = {4F247478-D624-474C-887C-AEA899493E26}
	EndGlobalSection
EndGlobal
